
Microsoft Visual Studio Solution File, Format Version 12.00
# Visual Studio Version 16
VisualStudioVersion = 16.0.30611.23
MinimumVisualStudioVersion = 10.0.40219.1
Project("{FAE04EC0-301F-11D3-BF4B-00C04F79EFBC}") = "Scp096Notifications", "Scp096Notifications\Scp096Notifications.csproj", "{9E5340F0-DCDC-454D-B8C7-EEC8A33F8540}"
EndProject
Global
	GlobalSection(SolutionConfigurationPlatforms) = preSolution
		Debug|Any CPU = Debug|Any CPU
		Release|Any CPU = Release|Any CPU
	EndGlobalSection
	GlobalSection(ProjectConfigurationPlatforms) = postSolution
		{9E5340F0-DCDC-454D-B8C7-EEC8A33F8540}.Debug|Any CPU.ActiveCfg = Debug|Any CPU
		{9E5340F0-DCDC-454D-B8C7-EEC8A33F8540}.Debug|Any CPU.Build.0 = Debug|Any CPU
		{9E5340F0-DCDC-454D-B8C7-EEC8A33F8540}.Release|Any CPU.ActiveCfg = Release|Any CPU
		{9E5340F0-DCDC-454D-B8C7-EEC8A33F8540}.Release|Any CPU.Build.0 = Release|Any CPU
	EndGlobalSection
	GlobalSection(SolutionProperties) = preSolution
		HideSolutionNode = FALSE
	EndGlobalSection
	GlobalSection(ExtensibilityGlobals) = postSolution
		SolutionGuid = {F07BD3CF-D87F-4611-8CF9-D9BC70E6A975}
	EndGlobalSection
EndGlobal
